
Microsoft Visual Studio Solution File, Format Version 12.00
# Visual Studio 2012
Project("{FAE04EC0-301F-11D3-BF4B-00C04F79EFBC}") = "MassTransitStudies.Service", "Service\MassTransitStudies.Service.csproj", "{D76F7CBE-35AE-4CD2-A9F6-770A3D7DA454}"
EndProject
Project("{f2a71f9b-5d33-465a-a702-920d77279786}") = "MassTransitStudies.Generator", "Generator\MassTransitStudies.Generator.fsproj", "{B3DD76CC-3280-4735-BE73-54E364A4ABA0}"
EndProject
Project("{f2a71f9b-5d33-465a-a702-920d77279786}") = "MassTransitStudies.Messages", "Messages\MassTransitStudies.Messages.fsproj", "{EAD8BA51-700C-4032-A163-848CDF7A21CD}"
EndProject
Global
	GlobalSection(SolutionConfigurationPlatforms) = preSolution
		Debug|Any CPU = Debug|Any CPU
		Release|Any CPU = Release|Any CPU
	EndGlobalSection
	GlobalSection(ProjectConfigurationPlatforms) = postSolution
		{D76F7CBE-35AE-4CD2-A9F6-770A3D7DA454}.Debug|Any CPU.ActiveCfg = Debug|Any CPU
		{D76F7CBE-35AE-4CD2-A9F6-770A3D7DA454}.Debug|Any CPU.Build.0 = Debug|Any CPU
		{D76F7CBE-35AE-4CD2-A9F6-770A3D7DA454}.Release|Any CPU.ActiveCfg = Release|Any CPU
		{D76F7CBE-35AE-4CD2-A9F6-770A3D7DA454}.Release|Any CPU.Build.0 = Release|Any CPU
		{B3DD76CC-3280-4735-BE73-54E364A4ABA0}.Debug|Any CPU.ActiveCfg = Debug|Any CPU
		{B3DD76CC-3280-4735-BE73-54E364A4ABA0}.Debug|Any CPU.Build.0 = Debug|Any CPU
		{B3DD76CC-3280-4735-BE73-54E364A4ABA0}.Release|Any CPU.ActiveCfg = Release|Any CPU
		{B3DD76CC-3280-4735-BE73-54E364A4ABA0}.Release|Any CPU.Build.0 = Release|Any CPU
		{EAD8BA51-700C-4032-A163-848CDF7A21CD}.Debug|Any CPU.ActiveCfg = Debug|Any CPU
		{EAD8BA51-700C-4032-A163-848CDF7A21CD}.Debug|Any CPU.Build.0 = Debug|Any CPU
		{EAD8BA51-700C-4032-A163-848CDF7A21CD}.Release|Any CPU.ActiveCfg = Release|Any CPU
		{EAD8BA51-700C-4032-A163-848CDF7A21CD}.Release|Any CPU.Build.0 = Release|Any CPU
	EndGlobalSection
EndGlobal
